{
  "nodes": {
    "nixpkgs": {
      "locked": {
        "lastModified": 1703938121,
        "narHash": "sha256-JYctjBnVW2xjYNLJzDmDmqcSYPNTyLl22u0ucK/z1ek=",
        "owner": "Prunkles",
        "repo": "nixpkgs",
        "rev": "2ef1fbeb11ca3fa0c350ba31c3b998a4e116bcc6",
        "type": "github"
      },
      "original": {
        "owner": "Prunkles",
        "repo": "nixpkgs",
        "rev": "2ef1fbeb11ca3fa0c350ba31c3b998a4e116bcc6",
        "type": "github"
      }
    },
    "nuget-packageslock2nix": {
      "inputs": {
        "nixpkgs": [
          "nixpkgs"
        ]
      },
      "locked": {
        "lastModified": 0,
        "narHash": "sha256-w8dwiFyZdSCOFJOsXd950mFAcerBdaXh87xwvRh41nY=",
        "path": "/nix/store/kszxsrlp310ax438naavxihx6w8vvmli-source",
        "type": "path"
      },
      "original": {
        "path": "/nix/store/kszxsrlp310ax438naavxihx6w8vvmli-source",
        "type": "path"
      }
    },
    "root": {
      "inputs": {
        "nixpkgs": "nixpkgs",
        "nuget-packageslock2nix": "nuget-packageslock2nix"
      }
    }
  },
  "root": "root",
  "version": 7
}
