{
  "nodes": {
    "nixpkgs": {
      "locked": {
        "lastModified": 1703938121,
        "narHash": "sha256-JYctjBnVW2xjYNLJzDmDmqcSYPNTyLl22u0ucK/z1ek=",
        "owner": "Prunkles",
        "repo": "nixpkgs",
        "rev": "2ef1fbeb11ca3fa0c350ba31c3b998a4e116bcc6",
        "type": "github"
      },
      "original": {
        "owner": "Prunkles",
        "repo": "nixpkgs",
        "rev": "2ef1fbeb11ca3fa0c350ba31c3b998a4e116bcc6",
        "type": "github"
      }
    },
    "root": {
      "inputs": {
        "nixpkgs": "nixpkgs"
      }
    }
  },
  "root": "root",
  "version": 7
}
